
Microsoft Visual Studio Solution File, Format Version 12.00
# Visual Studio 15
VisualStudioVersion = 15.0.28307.271
MinimumVisualStudioVersion = 10.0.40219.1
Project("{FAE04EC0-301F-11D3-BF4B-00C04F79EFBC}") = "MvVMStruct.Android", "MvVMStruct\MvVMStruct.Android\MvVMStruct.Android.csproj", "{8FE9F9C9-412B-478A-BE7A-2DE705E09901}"
EndProject
Project("{FAE04EC0-301F-11D3-BF4B-00C04F79EFBC}") = "MvVMStruct.iOS", "MvVMStruct\MvVMStruct.iOS\MvVMStruct.iOS.csproj", "{54D8C41C-5CF5-452A-8303-32B557C8CB60}"
EndProject
Project("{FAE04EC0-301F-11D3-BF4B-00C04F79EFBC}") = "MvVMStruct", "MvVMStruct\MvVMStruct\MvVMStruct.csproj", "{C1FE25AF-30FC-4037-928D-D2C31B455B8B}"
EndProject
Global
	GlobalSection(SolutionConfigurationPlatforms) = preSolution
		Ad-Hoc|Any CPU = Ad-Hoc|Any CPU
		Ad-Hoc|iPhone = Ad-Hoc|iPhone
		Ad-Hoc|iPhoneSimulator = Ad-Hoc|iPhoneSimulator
		AppStore|Any CPU = AppStore|Any CPU
		AppStore|iPhone = AppStore|iPhone
		AppStore|iPhoneSimulator = AppStore|iPhoneSimulator
		Debug|Any CPU = Debug|Any CPU
		Debug|iPhone = Debug|iPhone
		Debug|iPhoneSimulator = Debug|iPhoneSimulator
		Release|Any CPU = Release|Any CPU
		Release|iPhone = Release|iPhone
		Release|iPhoneSimulator = Release|iPhoneSimulator
	EndGlobalSection
	GlobalSection(ProjectConfigurationPlatforms) = postSolution
		{8FE9F9C9-412B-478A-BE7A-2DE705E09901}.Ad-Hoc|Any CPU.ActiveCfg = Release|Any CPU
		{8FE9F9C9-412B-478A-BE7A-2DE705E09901}.Ad-Hoc|Any CPU.Build.0 = Release|Any CPU
		{8FE9F9C9-412B-478A-BE7A-2DE705E09901}.Ad-Hoc|Any CPU.Deploy.0 = Release|Any CPU
		{8FE9F9C9-412B-478A-BE7A-2DE705E09901}.Ad-Hoc|iPhone.ActiveCfg = Release|Any CPU
		{8FE9F9C9-412B-478A-BE7A-2DE705E09901}.Ad-Hoc|iPhone.Build.0 = Release|Any CPU
		{8FE9F9C9-412B-478A-BE7A-2DE705E09901}.Ad-Hoc|iPhone.Deploy.0 = Release|Any CPU
		{8FE9F9C9-412B-478A-BE7A-2DE705E09901}.Ad-Hoc|iPhoneSimulator.ActiveCfg = Release|Any CPU
		{8FE9F9C9-412B-478A-BE7A-2DE705E09901}.Ad-Hoc|iPhoneSimulator.Build.0 = Release|Any CPU
		{8FE9F9C9-412B-478A-BE7A-2DE705E09901}.Ad-Hoc|iPhoneSimulator.Deploy.0 = Release|Any CPU
		{8FE9F9C9-412B-478A-BE7A-2DE705E09901}.AppStore|Any CPU.ActiveCfg = Release|Any CPU
		{8FE9F9C9-412B-478A-BE7A-2DE705E09901}.AppStore|Any CPU.Build.0 = Release|Any CPU
		{8FE9F9C9-412B-478A-BE7A-2DE705E09901}.AppStore|Any CPU.Deploy.0 = Release|Any CPU
		{8FE9F9C9-412B-478A-BE7A-2DE705E09901}.AppStore|iPhone.ActiveCfg = Release|Any CPU
		{8FE9F9C9-412B-478A-BE7A-2DE705E09901}.AppStore|iPhone.Build.0 = Release|Any CPU
		{8FE9F9C9-412B-478A-BE7A-2DE705E09901}.AppStore|iPhone.Deploy.0 = Release|Any CPU
		{8FE9F9C9-412B-478A-BE7A-2DE705E09901}.AppStore|iPhoneSimulator.ActiveCfg = Release|Any CPU
		{8FE9F9C9-412B-478A-BE7A-2DE705E09901}.AppStore|iPhoneSimulator.Build.0 = Release|Any CPU
		{8FE9F9C9-412B-478A-BE7A-2DE705E09901}.AppStore|iPhoneSimulator.Deploy.0 = Release|Any CPU
		{8FE9F9C9-412B-478A-BE7A-2DE705E09901}.Debug|Any CPU.ActiveCfg = Debug|Any CPU
		{8FE9F9C9-412B-478A-BE7A-2DE705E09901}.Debug|Any CPU.Build.0 = Debug|Any CPU
		{8FE9F9C9-412B-478A-BE7A-2DE705E09901}.Debug|Any CPU.Deploy.0 = Debug|Any CPU
		{8FE9F9C9-412B-478A-BE7A-2DE705E09901}.Debug|iPhone.ActiveCfg = Debug|Any CPU
		{8FE9F9C9-412B-478A-BE7A-2DE705E09901}.Debug|iPhone.Build.0 = Debug|Any CPU
		{8FE9F9C9-412B-478A-BE7A-2DE705E09901}.Debug|iPhone.Deploy.0 = Debug|Any CPU
		{8FE9F9C9-412B-478A-BE7A-2DE705E09901}.Debug|iPhoneSimulator.ActiveCfg = Debug|Any CPU
		{8FE9F9C9-412B-478A-BE7A-2DE705E09901}.Debug|iPhoneSimulator.Build.0 = Debug|Any CPU
		{8FE9F9C9-412B-478A-BE7A-2DE705E09901}.Debug|iPhoneSimulator.Deploy.0 = Debug|Any CPU
		{8FE9F9C9-412B-478A-BE7A-2DE705E09901}.Release|Any CPU.ActiveCfg = Release|Any CPU
		{8FE9F9C9-412B-478A-BE7A-2DE705E09901}.Release|Any CPU.Build.0 = Release|Any CPU
		{8FE9F9C9-412B-478A-BE7A-2DE705E09901}.Release|Any CPU.Deploy.0 = Release|Any CPU
		{8FE9F9C9-412B-478A-BE7A-2DE705E09901}.Release|iPhone.ActiveCfg = Release|Any CPU
		{8FE9F9C9-412B-478A-BE7A-2DE705E09901}.Release|iPhone.Build.0 = Release|Any CPU
		{8FE9F9C9-412B-478A-BE7A-2DE705E09901}.Release|iPhone.Deploy.0 = Release|Any CPU
		{8FE9F9C9-412B-478A-BE7A-2DE705E09901}.Release|iPhoneSimulator.ActiveCfg = Release|Any CPU
		{8FE9F9C9-412B-478A-BE7A-2DE705E09901}.Release|iPhoneSimulator.Build.0 = Release|Any CPU
		{8FE9F9C9-412B-478A-BE7A-2DE705E09901}.Release|iPhoneSimulator.Deploy.0 = Release|Any CPU
		{54D8C41C-5CF5-452A-8303-32B557C8CB60}.Ad-Hoc|Any CPU.ActiveCfg = Ad-Hoc|iPhone
		{54D8C41C-5CF5-452A-8303-32B557C8CB60}.Ad-Hoc|Any CPU.Build.0 = Ad-Hoc|iPhone
		{54D8C41C-5CF5-452A-8303-32B557C8CB60}.Ad-Hoc|Any CPU.Deploy.0 = Ad-Hoc|iPhone
		{54D8C41C-5CF5-452A-8303-32B557C8CB60}.Ad-Hoc|iPhone.ActiveCfg = Ad-Hoc|iPhone
		{54D8C41C-5CF5-452A-8303-32B557C8CB60}.Ad-Hoc|iPhone.Build.0 = Ad-Hoc|iPhone
		{54D8C41C-5CF5-452A-8303-32B557C8CB60}.Ad-Hoc|iPhone.Deploy.0 = Ad-Hoc|iPhone
		{54D8C41C-5CF5-452A-8303-32B557C8CB60}.Ad-Hoc|iPhoneSimulator.ActiveCfg = Ad-Hoc|iPhoneSimulator
		{54D8C41C-5CF5-452A-8303-32B557C8CB60}.Ad-Hoc|iPhoneSimulator.Build.0 = Ad-Hoc|iPhoneSimulator
		{54D8C41C-5CF5-452A-8303-32B557C8CB60}.Ad-Hoc|iPhoneSimulator.Deploy.0 = Ad-Hoc|iPhoneSimulator
		{54D8C41C-5CF5-452A-8303-32B557C8CB60}.AppStore|Any CPU.ActiveCfg = AppStore|iPhone
		{54D8C41C-5CF5-452A-8303-32B557C8CB60}.AppStore|Any CPU.Build.0 = AppStore|iPhone
		{54D8C41C-5CF5-452A-8303-32B557C8CB60}.AppStore|Any CPU.Deploy.0 = AppStore|iPhone
		{54D8C41C-5CF5-452A-8303-32B557C8CB60}.AppStore|iPhone.ActiveCfg = AppStore|iPhone
		{54D8C41C-5CF5-452A-8303-32B557C8CB60}.AppStore|iPhone.Build.0 = AppStore|iPhone
		{54D8C41C-5CF5-452A-8303-32B557C8CB60}.AppStore|iPhone.Deploy.0 = AppStore|iPhone
		{54D8C41C-5CF5-452A-8303-32B557C8CB60}.AppStore|iPhoneSimulator.ActiveCfg = AppStore|iPhoneSimulator
		{54D8C41C-5CF5-452A-8303-32B557C8CB60}.AppStore|iPhoneSimulator.Build.0 = AppStore|iPhoneSimulator
		{54D8C41C-5CF5-452A-8303-32B557C8CB60}.AppStore|iPhoneSimulator.Deploy.0 = AppStore|iPhoneSimulator
		{54D8C41C-5CF5-452A-8303-32B557C8CB60}.Debug|Any CPU.ActiveCfg = Debug|iPhoneSimulator
		{54D8C41C-5CF5-452A-8303-32B557C8CB60}.Debug|Any CPU.Build.0 = Debug|iPhoneSimulator
		{54D8C41C-5CF5-452A-8303-32B557C8CB60}.Debug|Any CPU.Deploy.0 = Debug|iPhoneSimulator
		{54D8C41C-5CF5-452A-8303-32B557C8CB60}.Debug|iPhone.ActiveCfg = Debug|iPhone
		{54D8C41C-5CF5-452A-8303-32B557C8CB60}.Debug|iPhone.Build.0 = Debug|iPhone
		{54D8C41C-5CF5-452A-8303-32B557C8CB60}.Debug|iPhone.Deploy.0 = Debug|iPhone
		{54D8C41C-5CF5-452A-8303-32B557C8CB60}.Debug|iPhoneSimulator.ActiveCfg = Debug|iPhoneSimulator
		{54D8C41C-5CF5-452A-8303-32B557C8CB60}.Debug|iPhoneSimulator.Build.0 = Debug|iPhoneSimulator
		{54D8C41C-5CF5-452A-8303-32B557C8CB60}.Debug|iPhoneSimulator.Deploy.0 = Debug|iPhoneSimulator
		{54D8C41C-5CF5-452A-8303-32B557C8CB60}.Release|Any CPU.ActiveCfg = Release|iPhone
		{54D8C41C-5CF5-452A-8303-32B557C8CB60}.Release|Any CPU.Build.0 = Release|iPhone
		{54D8C41C-5CF5-452A-8303-32B557C8CB60}.Release|Any CPU.Deploy.0 = Release|iPhone
		{54D8C41C-5CF5-452A-8303-32B557C8CB60}.Release|iPhone.ActiveCfg = Release|iPhone
		{54D8C41C-5CF5-452A-8303-32B557C8CB60}.Release|iPhone.Build.0 = Release|iPhone
		{54D8C41C-5CF5-452A-8303-32B557C8CB60}.Release|iPhone.Deploy.0 = Release|iPhone
		{54D8C41C-5CF5-452A-8303-32B557C8CB60}.Release|iPhoneSimulator.ActiveCfg = Release|iPhoneSimulator
		{54D8C41C-5CF5-452A-8303-32B557C8CB60}.Release|iPhoneSimulator.Build.0 = Release|iPhoneSimulator
		{54D8C41C-5CF5-452A-8303-32B557C8CB60}.Release|iPhoneSimulator.Deploy.0 = Release|iPhoneSimulator
		{C1FE25AF-30FC-4037-928D-D2C31B455B8B}.Ad-Hoc|Any CPU.ActiveCfg = Debug|Any CPU
		{C1FE25AF-30FC-4037-928D-D2C31B455B8B}.Ad-Hoc|Any CPU.Build.0 = Debug|Any CPU
		{C1FE25AF-30FC-4037-928D-D2C31B455B8B}.Ad-Hoc|Any CPU.Deploy.0 = Debug|Any CPU
		{C1FE25AF-30FC-4037-928D-D2C31B455B8B}.Ad-Hoc|iPhone.ActiveCfg = Debug|Any CPU
		{C1FE25AF-30FC-4037-928D-D2C31B455B8B}.Ad-Hoc|iPhone.Build.0 = Debug|Any CPU
		{C1FE25AF-30FC-4037-928D-D2C31B455B8B}.Ad-Hoc|iPhone.Deploy.0 = Debug|Any CPU
		{C1FE25AF-30FC-4037-928D-D2C31B455B8B}.Ad-Hoc|iPhoneSimulator.ActiveCfg = Debug|Any CPU
		{C1FE25AF-30FC-4037-928D-D2C31B455B8B}.Ad-Hoc|iPhoneSimulator.Build.0 = Debug|Any CPU
		{C1FE25AF-30FC-4037-928D-D2C31B455B8B}.Ad-Hoc|iPhoneSimulator.Deploy.0 = Debug|Any CPU
		{C1FE25AF-30FC-4037-928D-D2C31B455B8B}.AppStore|Any CPU.ActiveCfg = Debug|Any CPU
		{C1FE25AF-30FC-4037-928D-D2C31B455B8B}.AppStore|Any CPU.Build.0 = Debug|Any CPU
		{C1FE25AF-30FC-4037-928D-D2C31B455B8B}.AppStore|Any CPU.Deploy.0 = Debug|Any CPU
		{C1FE25AF-30FC-4037-928D-D2C31B455B8B}.AppStore|iPhone.ActiveCfg = Debug|Any CPU
		{C1FE25AF-30FC-4037-928D-D2C31B455B8B}.AppStore|iPhone.Build.0 = Debug|Any CPU
		{C1FE25AF-30FC-4037-928D-D2C31B455B8B}.AppStore|iPhone.Deploy.0 = Debug|Any CPU
		{C1FE25AF-30FC-4037-928D-D2C31B455B8B}.AppStore|iPhoneSimulator.ActiveCfg = Debug|Any CPU
		{C1FE25AF-30FC-4037-928D-D2C31B455B8B}.AppStore|iPhoneSimulator.Build.0 = Debug|Any CPU
		{C1FE25AF-30FC-4037-928D-D2C31B455B8B}.AppStore|iPhoneSimulator.Deploy.0 = Debug|Any CPU
		{C1FE25AF-30FC-4037-928D-D2C31B455B8B}.Debug|Any CPU.ActiveCfg = Debug|Any CPU
		{C1FE25AF-30FC-4037-928D-D2C31B455B8B}.Debug|Any CPU.Build.0 = Debug|Any CPU
		{C1FE25AF-30FC-4037-928D-D2C31B455B8B}.Debug|Any CPU.Deploy.0 = Debug|Any CPU
		{C1FE25AF-30FC-4037-928D-D2C31B455B8B}.Debug|iPhone.ActiveCfg = Debug|Any CPU
		{C1FE25AF-30FC-4037-928D-D2C31B455B8B}.Debug|iPhone.Build.0 = Debug|Any CPU
		{C1FE25AF-30FC-4037-928D-D2C31B455B8B}.Debug|iPhone.Deploy.0 = Debug|Any CPU
		{C1FE25AF-30FC-4037-928D-D2C31B455B8B}.Debug|iPhoneSimulator.ActiveCfg = Debug|Any CPU
		{C1FE25AF-30FC-4037-928D-D2C31B455B8B}.Debug|iPhoneSimulator.Build.0 = Debug|Any CPU
		{C1FE25AF-30FC-4037-928D-D2C31B455B8B}.Debug|iPhoneSimulator.Deploy.0 = Debug|Any CPU
		{C1FE25AF-30FC-4037-928D-D2C31B455B8B}.Release|Any CPU.ActiveCfg = Release|Any CPU
		{C1FE25AF-30FC-4037-928D-D2C31B455B8B}.Release|Any CPU.Build.0 = Release|Any CPU
		{C1FE25AF-30FC-4037-928D-D2C31B455B8B}.Release|Any CPU.Deploy.0 = Release|Any CPU
		{C1FE25AF-30FC-4037-928D-D2C31B455B8B}.Release|iPhone.ActiveCfg = Release|Any CPU
		{C1FE25AF-30FC-4037-928D-D2C31B455B8B}.Release|iPhone.Build.0 = Release|Any CPU
		{C1FE25AF-30FC-4037-928D-D2C31B455B8B}.Release|iPhone.Deploy.0 = Release|Any CPU
		{C1FE25AF-30FC-4037-928D-D2C31B455B8B}.Release|iPhoneSimulator.ActiveCfg = Release|Any CPU
		{C1FE25AF-30FC-4037-928D-D2C31B455B8B}.Release|iPhoneSimulator.Build.0 = Release|Any CPU
		{C1FE25AF-30FC-4037-928D-D2C31B455B8B}.Release|iPhoneSimulator.Deploy.0 = Release|Any CPU
	EndGlobalSection
	GlobalSection(SolutionProperties) = preSolution
		HideSolutionNode = FALSE
	EndGlobalSection
	GlobalSection(ExtensibilityGlobals) = postSolution
		SolutionGuid = {8E152571-1A08-4413-AAD3-C5C0EF302890}
	EndGlobalSection
EndGlobal
